
Microsoft Visual Studio Solution File, Format Version 12.00
# Visual Studio Version 16
VisualStudioVersion = 16.0.30717.126
MinimumVisualStudioVersion = 10.0.40219.1
Project("{FAE04EC0-301F-11D3-BF4B-00C04F79EFBC}") = "FinalChallenge", "FinalChallenge\FinalChallenge.csproj", "{A459489C-798F-411C-B60C-CE93B48AE5CC}"
EndProject
Global
	GlobalSection(SolutionConfigurationPlatforms) = preSolution
		Debug|Any CPU = Debug|Any CPU
		Release|Any CPU = Release|Any CPU
	EndGlobalSection
	GlobalSection(ProjectConfigurationPlatforms) = postSolution
		{A459489C-798F-411C-B60C-CE93B48AE5CC}.Debug|Any CPU.ActiveCfg = Debug|Any CPU
		{A459489C-798F-411C-B60C-CE93B48AE5CC}.Debug|Any CPU.Build.0 = Debug|Any CPU
		{A459489C-798F-411C-B60C-CE93B48AE5CC}.Release|Any CPU.ActiveCfg = Release|Any CPU
		{A459489C-798F-411C-B60C-CE93B48AE5CC}.Release|Any CPU.Build.0 = Release|Any CPU
	EndGlobalSection
	GlobalSection(SolutionProperties) = preSolution
		HideSolutionNode = FALSE
	EndGlobalSection
	GlobalSection(ExtensibilityGlobals) = postSolution
		SolutionGuid = {11CCD817-983B-4506-9C89-6E26EF8C0E4C}
	EndGlobalSection
EndGlobal
