
Microsoft Visual Studio Solution File, Format Version 12.00
# Visual Studio Version 16
VisualStudioVersion = 16.0.30717.126
MinimumVisualStudioVersion = 10.0.40219.1
Project("{FAE04EC0-301F-11D3-BF4B-00C04F79EFBC}") = "CarInsurance", "CarInsurance\CarInsurance.csproj", "{79BA4082-2984-4D3C-A19A-0CFD81E00AEF}"
EndProject
Global
	GlobalSection(SolutionConfigurationPlatforms) = preSolution
		Debug|Any CPU = Debug|Any CPU
		Release|Any CPU = Release|Any CPU
	EndGlobalSection
	GlobalSection(ProjectConfigurationPlatforms) = postSolution
		{79BA4082-2984-4D3C-A19A-0CFD81E00AEF}.Debug|Any CPU.ActiveCfg = Debug|Any CPU
		{79BA4082-2984-4D3C-A19A-0CFD81E00AEF}.Debug|Any CPU.Build.0 = Debug|Any CPU
		{79BA4082-2984-4D3C-A19A-0CFD81E00AEF}.Release|Any CPU.ActiveCfg = Release|Any CPU
		{79BA4082-2984-4D3C-A19A-0CFD81E00AEF}.Release|Any CPU.Build.0 = Release|Any CPU
	EndGlobalSection
	GlobalSection(SolutionProperties) = preSolution
		HideSolutionNode = FALSE
	EndGlobalSection
	GlobalSection(ExtensibilityGlobals) = postSolution
		SolutionGuid = {B103F35E-50D4-4051-87C3-E77C4E74492F}
	EndGlobalSection
EndGlobal
