
Microsoft Visual Studio Solution File, Format Version 12.00
# Visual Studio Version 16
VisualStudioVersion = 16.0.30717.126
MinimumVisualStudioVersion = 10.0.40219.1
Project("{FAE04EC0-301F-11D3-BF4B-00C04F79EFBC}") = "IncomeComparison", "IncomeComparison\IncomeComparison.csproj", "{8547CD27-FAD0-4AA2-A2E0-1907E6D6E15C}"
EndProject
Global
	GlobalSection(SolutionConfigurationPlatforms) = preSolution
		Debug|Any CPU = Debug|Any CPU
		Release|Any CPU = Release|Any CPU
	EndGlobalSection
	GlobalSection(ProjectConfigurationPlatforms) = postSolution
		{8547CD27-FAD0-4AA2-A2E0-1907E6D6E15C}.Debug|Any CPU.ActiveCfg = Debug|Any CPU
		{8547CD27-FAD0-4AA2-A2E0-1907E6D6E15C}.Debug|Any CPU.Build.0 = Debug|Any CPU
		{8547CD27-FAD0-4AA2-A2E0-1907E6D6E15C}.Release|Any CPU.ActiveCfg = Release|Any CPU
		{8547CD27-FAD0-4AA2-A2E0-1907E6D6E15C}.Release|Any CPU.Build.0 = Release|Any CPU
	EndGlobalSection
	GlobalSection(SolutionProperties) = preSolution
		HideSolutionNode = FALSE
	EndGlobalSection
	GlobalSection(ExtensibilityGlobals) = postSolution
		SolutionGuid = {850B8C23-E639-4FBC-8C5A-B6EB3C48B633}
	EndGlobalSection
EndGlobal
