
Microsoft Visual Studio Solution File, Format Version 12.00
# Visual Studio Version 16
VisualStudioVersion = 16.0.30717.126
MinimumVisualStudioVersion = 10.0.40219.1
Project("{FAE04EC0-301F-11D3-BF4B-00C04F79EFBC}") = "MethodWithOptionalParameter", "MethodWithOptionalParameter\MethodWithOptionalParameter.csproj", "{FC5925DB-D836-4639-8DD4-28966E209403}"
EndProject
Global
	GlobalSection(SolutionConfigurationPlatforms) = preSolution
		Debug|Any CPU = Debug|Any CPU
		Release|Any CPU = Release|Any CPU
	EndGlobalSection
	GlobalSection(ProjectConfigurationPlatforms) = postSolution
		{FC5925DB-D836-4639-8DD4-28966E209403}.Debug|Any CPU.ActiveCfg = Debug|Any CPU
		{FC5925DB-D836-4639-8DD4-28966E209403}.Debug|Any CPU.Build.0 = Debug|Any CPU
		{FC5925DB-D836-4639-8DD4-28966E209403}.Release|Any CPU.ActiveCfg = Release|Any CPU
		{FC5925DB-D836-4639-8DD4-28966E209403}.Release|Any CPU.Build.0 = Release|Any CPU
	EndGlobalSection
	GlobalSection(SolutionProperties) = preSolution
		HideSolutionNode = FALSE
	EndGlobalSection
	GlobalSection(ExtensibilityGlobals) = postSolution
		SolutionGuid = {50C1B015-ED78-4361-BB68-49BB09FE10A2}
	EndGlobalSection
EndGlobal
